// !$*UTF8*$!
{
	archiveVersion = 1;
	classes = {
	};
	objectVersion = 50;
	objects = {

/* Begin PBXBuildFile section */
		0E399B0E2227903900CC2855 /* StretchHeaderLayput.swift in Sources */ = {isa = PBXBuildFile; fileRef = 0E399B0D2227903900CC2855 /* StretchHeaderLayput.swift */; };
		0E65ACEB221E7E9800BCE206 /* AppDelegate.swift in Sources */ = {isa = PBXBuildFile; fileRef = 0E65ACEA221E7E9800BCE206 /* AppDelegate.swift */; };
		0E65ACED221E7E9800BCE206 /* ViewController.swift in Sources */ = {isa = PBXBuildFile; fileRef = 0E65ACEC221E7E9800BCE206 /* ViewController.swift */; };
		0E65ACF0221E7E9800BCE206 /* Main.storyboard in Resources */ = {isa = PBXBuildFile; fileRef = 0E65ACEE221E7E9800BCE206 /* Main.storyboard */; };
		0E65ACF2221E7E9A00BCE206 /* Assets.xcassets in Resources */ = {isa = PBXBuildFile; fileRef = 0E65ACF1221E7E9A00BCE206 /* Assets.xcassets */; };
		0E65ACF5221E7E9A00BCE206 /* LaunchScreen.storyboard in Resources */ = {isa = PBXBuildFile; fileRef = 0E65ACF3221E7E9A00BCE206 /* LaunchScreen.storyboard */; };
		0E65ACFD221E7F9D00BCE206 /* StretchyHeaderViewController.swift in Sources */ = {isa = PBXBuildFile; fileRef = 0E65ACFC221E7F9D00BCE206 /* StretchyHeaderViewController.swift */; };
		0E65ACFF221E866A00BCE206 /* HeaderView.swift in Sources */ = {isa = PBXBuildFile; fileRef = 0E65ACFE221E866A00BCE206 /* HeaderView.swift */; };
/* End PBXBuildFile section */

/* Begin PBXFileReference section */
		0E399B0D2227903900CC2855 /* StretchHeaderLayput.swift */ = {isa = PBXFileReference; lastKnownFileType = sourcecode.swift; path = StretchHeaderLayput.swift; sourceTree = "<group>"; };
		0E65ACE7221E7E9800BCE206 /* Stretchyheader.app */ = {isa = PBXFileReference; explicitFileType = wrapper.application; includeInIndex = 0; path = Stretchyheader.app; sourceTree = BUILT_PRODUCTS_DIR; };
		0E65ACEA221E7E9800BCE206 /* AppDelegate.swift */ = {isa = PBXFileReference; lastKnownFileType = sourcecode.swift; path = AppDelegate.swift; sourceTree = "<group>"; };
		0E65ACEC221E7E9800BCE206 /* ViewController.swift */ = {isa = PBXFileReference; lastKnownFileType = sourcecode.swift; path = ViewController.swift; sourceTree = "<group>"; };
		0E65ACEF221E7E9800BCE206 /* Base */ = {isa = PBXFileReference; lastKnownFileType = file.storyboard; name = Base; path = Base.lproj/Main.storyboard; sourceTree = "<group>"; };
		0E65ACF1221E7E9A00BCE206 /* Assets.xcassets */ = {isa = PBXFileReference; lastKnownFileType = folder.assetcatalog; path = Assets.xcassets; sourceTree = "<group>"; };
		0E65ACF4221E7E9A00BCE206 /* Base */ = {isa = PBXFileReference; lastKnownFileType = file.storyboard; name = Base; path = Base.lproj/LaunchScreen.storyboard; sourceTree = "<group>"; };
		0E65ACF6221E7E9A00BCE206 /* Info.plist */ = {isa = PBXFileReference; lastKnownFileType = text.plist.xml; path = Info.plist; sourceTree = "<group>"; };
		0E65ACFC221E7F9D00BCE206 /* StretchyHeaderViewController.swift */ = {isa = PBXFileReference; lastKnownFileType = sourcecode.swift; path = StretchyHeaderViewController.swift; sourceTree = "<group>"; };
		0E65ACFE221E866A00BCE206 /* HeaderView.swift */ = {isa = PBXFileReference; lastKnownFileType = sourcecode.swift; path = HeaderView.swift; sourceTree = "<group>"; };
/* End PBXFileReference section */

/* Begin PBXFrameworksBuildPhase section */
		0E65ACE4221E7E9800BCE206 /* Frameworks */ = {
			isa = PBXFrameworksBuildPhase;
			buildActionMask = 2147483647;
			files = (
			);
			runOnlyForDeploymentPostprocessing = 0;
		};
/* End PBXFrameworksBuildPhase section */

/* Begin PBXGroup section */
		0E399B0C22278D6300CC2855 /* Custom */ = {
			isa = PBXGroup;
			children = (
				0E399B0D2227903900CC2855 /* StretchHeaderLayput.swift */,
			);
			path = Custom;
			sourceTree = "<group>";
		};
		0E65ACDE221E7E9700BCE206 = {
			isa = PBXGroup;
			children = (
				0E65ACE9221E7E9800BCE206 /* Stretchyheader */,
				0E65ACE8221E7E9800BCE206 /* Products */,
			);
			sourceTree = "<group>";
		};
		0E65ACE8221E7E9800BCE206 /* Products */ = {
			isa = PBXGroup;
			children = (
				0E65ACE7221E7E9800BCE206 /* Stretchyheader.app */,
			);
			name = Products;
			sourceTree = "<group>";
		};
		0E65ACE9221E7E9800BCE206 /* Stretchyheader */ = {
			isa = PBXGroup;
			children = (
				0E399B0C22278D6300CC2855 /* Custom */,
				0E65ACEA221E7E9800BCE206 /* AppDelegate.swift */,
				0E65ACEC221E7E9800BCE206 /* ViewController.swift */,
				0E65ACEE221E7E9800BCE206 /* Main.storyboard */,
				0E65ACF1221E7E9A00BCE206 /* Assets.xcassets */,
				0E65ACF3221E7E9A00BCE206 /* LaunchScreen.storyboard */,
				0E65ACF6221E7E9A00BCE206 /* Info.plist */,
				0E65ACFC221E7F9D00BCE206 /* StretchyHeaderViewController.swift */,
				0E65ACFE221E866A00BCE206 /* HeaderView.swift */,
			);
			path = Stretchyheader;
			sourceTree = "<group>";
		};
/* End PBXGroup section */

/* Begin PBXNativeTarget section */
		0E65ACE6221E7E9800BCE206 /* Stretchyheader */ = {
			isa = PBXNativeTarget;
			buildConfigurationList = 0E65ACF9221E7E9A00BCE206 /* Build configuration list for PBXNativeTarget "Stretchyheader" */;
			buildPhases = (
				0E65ACE3221E7E9800BCE206 /* Sources */,
				0E65ACE4221E7E9800BCE206 /* Frameworks */,
				0E65ACE5221E7E9800BCE206 /* Resources */,
			);
			buildRules = (
			);
			dependencies = (
			);
			name = Stretchyheader;
			productName = Stretchyheader;
			productReference = 0E65ACE7221E7E9800BCE206 /* Stretchyheader.app */;
			productType = "com.apple.product-type.application";
		};
/* End PBXNativeTarget section */

/* Begin PBXProject section */
		0E65ACDF221E7E9700BCE206 /* Project object */ = {
			isa = PBXProject;
			attributes = {
				LastSwiftUpdateCheck = 1010;
				LastUpgradeCheck = 1010;
				ORGANIZATIONNAME = "ahmad shiddiq";
				TargetAttributes = {
					0E65ACE6221E7E9800BCE206 = {
						CreatedOnToolsVersion = 10.1;
					};
				};
			};
			buildConfigurationList = 0E65ACE2221E7E9700BCE206 /* Build configuration list for PBXProject "Stretchyheader" */;
			compatibilityVersion = "Xcode 9.3";
			developmentRegion = en;
			hasScannedForEncodings = 0;
			knownRegions = (
				en,
				Base,
			);
			mainGroup = 0E65ACDE221E7E9700BCE206;
			productRefGroup = 0E65ACE8221E7E9800BCE206 /* Products */;
			projectDirPath = "";
			projectRoot = "";
			targets = (
				0E65ACE6221E7E9800BCE206 /* Stretchyheader */,
			);
		};
/* End PBXProject section */

/* Begin PBXResourcesBuildPhase section */
		0E65ACE5221E7E9800BCE206 /* Resources */ = {
			isa = PBXResourcesBuildPhase;
			buildActionMask = 2147483647;
			files = (
				0E65ACF5221E7E9A00BCE206 /* LaunchScreen.storyboard in Resources */,
				0E65ACF2221E7E9A00BCE206 /* Assets.xcassets in Resources */,
				0E65ACF0221E7E9800BCE206 /* Main.storyboard in Resources */,
			);
			runOnlyForDeploymentPostprocessing = 0;
		};
/* End PBXResourcesBuildPhase section */

/* Begin PBXSourcesBuildPhase section */
		0E65ACE3221E7E9800BCE206 /* Sources */ = {
			isa = PBXSourcesBuildPhase;
			buildActionMask = 2147483647;
			files = (
				0E65ACFD221E7F9D00BCE206 /* StretchyHeaderViewController.swift in Sources */,
				0E399B0E2227903900CC2855 /* StretchHeaderLayput.swift in Sources */,
				0E65ACED221E7E9800BCE206 /* ViewController.swift in Sources */,
				0E65ACEB221E7E9800BCE206 /* AppDelegate.swift in Sources */,
				0E65ACFF221E866A00BCE206 /* HeaderView.swift in Sources */,
			);
			runOnlyForDeploymentPostprocessing = 0;
		};
/* End PBXSourcesBuildPhase section */

/* Begin PBXVariantGroup section */
		0E65ACEE221E7E9800BCE206 /* Main.storyboard */ = {
			isa = PBXVariantGroup;
			children = (
				0E65ACEF221E7E9800BCE206 /* Base */,
			);
			name = Main.storyboard;
			sourceTree = "<group>";
		};
		0E65ACF3221E7E9A00BCE206 /* LaunchScreen.storyboard */ = {
			isa = PBXVariantGroup;
			children = (
				0E65ACF4221E7E9A00BCE206 /* Base */,
			);
			name = LaunchScreen.storyboard;
			sourceTree = "<group>";
		};
/* End PBXVariantGroup section */

/* Begin XCBuildConfiguration section */
		0E65ACF7221E7E9A00BCE206 /* Debug */ = {
			isa = XCBuildConfiguration;
			buildSettings = {
				ALWAYS_SEARCH_USER_PATHS = NO;
				CLANG_ANALYZER_NONNULL = YES;
				CLANG_ANALYZER_NUMBER_OBJECT_CONVERSION = YES_AGGRESSIVE;
				CLANG_CXX_LANGUAGE_STANDARD = "gnu++14";
				CLANG_CXX_LIBRARY = "libc++";
				CLANG_ENABLE_MODULES = YES;
				CLANG_ENABLE_OBJC_ARC = YES;
				CLANG_ENABLE_OBJC_WEAK = YES;
				CLANG_WARN_BLOCK_CAPTURE_AUTORELEASING = YES;
				CLANG_WARN_BOOL_CONVERSION = YES;
				CLANG_WARN_COMMA = YES;
				CLANG_WARN_CONSTANT_CONVERSION = YES;
				CLANG_WARN_DEPRECATED_OBJC_IMPLEMENTATIONS = YES;
				CLANG_WARN_DIRECT_OBJC_ISA_USAGE = YES_ERROR;
				CLANG_WARN_DOCUMENTATION_COMMENTS = YES;
				CLANG_WARN_EMPTY_BODY = YES;
				CLANG_WARN_ENUM_CONVERSION = YES;
				CLANG_WARN_INFINITE_RECURSION = YES;
				CLANG_WARN_INT_CONVERSION = YES;
				CLANG_WARN_NON_LITERAL_NULL_CONVERSION = YES;
				CLANG_WARN_OBJC_IMPLICIT_RETAIN_SELF = YES;
				CLANG_WARN_OBJC_LITERAL_CONVERSION = YES;
				CLANG_WARN_OBJC_ROOT_CLASS = YES_ERROR;
				CLANG_WARN_RANGE_LOOP_ANALYSIS = YES;
				CLANG_WARN_STRICT_PROTOTYPES = YES;
				CLANG_WARN_SUSPICIOUS_MOVE = YES;
				CLANG_WARN_UNGUARDED_AVAILABILITY = YES_AGGRESSIVE;
				CLANG_WARN_UNREACHABLE_CODE = YES;
				CLANG_WARN__DUPLICATE_METHOD_MATCH = YES;
				CODE_SIGN_IDENTITY = "iPhone Developer";
				COPY_PHASE_STRIP = NO;
				DEBUG_INFORMATION_FORMAT = dwarf;
				ENABLE_STRICT_OBJC_MSGSEND = YES;
				ENABLE_TESTABILITY = YES;
				GCC_C_LANGUAGE_STANDARD = gnu11;
				GCC_DYNAMIC_NO_PIC = NO;
				GCC_NO_COMMON_BLOCKS = YES;
				GCC_OPTIMIZATION_LEVEL = 0;
				GCC_PREPROCESSOR_DEFINITIONS = (
					"DEBUG=1",
					"$(inherited)",
				);
				GCC_WARN_64_TO_32_BIT_CONVERSION = YES;
				GCC_WARN_ABOUT_RETURN_TYPE = YES_ERROR;
				GCC_WARN_UNDECLARED_SELECTOR = YES;
				GCC_WARN_UNINITIALIZED_AUTOS = YES_AGGRESSIVE;
				GCC_WARN_UNUSED_FUNCTION = YES;
				GCC_WARN_UNUSED_VARIABLE = YES;
				IPHONEOS_DEPLOYMENT_TARGET = 12.1;
				MTL_ENABLE_DEBUG_INFO = INCLUDE_SOURCE;
				MTL_FAST_MATH = YES;
				ONLY_ACTIVE_ARCH = YES;
				SDKROOT = iphoneos;
				SWIFT_ACTIVE_COMPILATION_CONDITIONS = DEBUG;
				SWIFT_OPTIMIZATION_LEVEL = "-Onone";
			};
			name = Debug;
		};
		0E65ACF8221E7E9A00BCE206 /* Release */ = {
			isa = XCBuildConfiguration;
			buildSettings = {
				ALWAYS_SEARCH_USER_PATHS = NO;
				CLANG_ANALYZER_NONNULL = YES;
				CLANG_ANALYZER_NUMBER_OBJECT_CONVERSION = YES_AGGRESSIVE;
				CLANG_CXX_LANGUAGE_STANDARD = "gnu++14";
				CLANG_CXX_LIBRARY = "libc++";
				CLANG_ENABLE_MODULES = YES;
				CLANG_ENABLE_OBJC_ARC = YES;
				CLANG_ENABLE_OBJC_WEAK = YES;
				CLANG_WARN_BLOCK_CAPTURE_AUTORELEASING = YES;
				CLANG_WARN_BOOL_CONVERSION = YES;
				CLANG_WARN_COMMA = YES;
				CLANG_WARN_CONSTANT_CONVERSION = YES;
				CLANG_WARN_DEPRECATED_OBJC_IMPLEMENTATIONS = YES;
				CLANG_WARN_DIRECT_OBJC_ISA_USAGE = YES_ERROR;
				CLANG_WARN_DOCUMENTATION_COMMENTS = YES;
				CLANG_WARN_EMPTY_BODY = YES;
				CLANG_WARN_ENUM_CONVERSION = YES;
				CLANG_WARN_INFINITE_RECURSION = YES;
				CLANG_WARN_INT_CONVERSION = YES;
				CLANG_WARN_NON_LITERAL_NULL_CONVERSION = YES;
				CLANG_WARN_OBJC_IMPLICIT_RETAIN_SELF = YES;
				CLANG_WARN_OBJC_LITERAL_CONVERSION = YES;
				CLANG_WARN_OBJC_ROOT_CLASS = YES_ERROR;
				CLANG_WARN_RANGE_LOOP_ANALYSIS = YES;
				CLANG_WARN_STRICT_PROTOTYPES = YES;
				CLANG_WARN_SUSPICIOUS_MOVE = YES;
				CLANG_WARN_UNGUARDED_AVAILABILITY = YES_AGGRESSIVE;
				CLANG_WARN_UNREACHABLE_CODE = YES;
				CLANG_WARN__DUPLICATE_METHOD_MATCH = YES;
				CODE_SIGN_IDENTITY = "iPhone Developer";
				COPY_PHASE_STRIP = NO;
				DEBUG_INFORMATION_FORMAT = "dwarf-with-dsym";
				ENABLE_NS_ASSERTIONS = NO;
				ENABLE_STRICT_OBJC_MSGSEND = YES;
				GCC_C_LANGUAGE_STANDARD = gnu11;
				GCC_NO_COMMON_BLOCKS = YES;
				GCC_WARN_64_TO_32_BIT_CONVERSION = YES;
				GCC_WARN_ABOUT_RETURN_TYPE = YES_ERROR;
				GCC_WARN_UNDECLARED_SELECTOR = YES;
				GCC_WARN_UNINITIALIZED_AUTOS = YES_AGGRESSIVE;
				GCC_WARN_UNUSED_FUNCTION = YES;
				GCC_WARN_UNUSED_VARIABLE = YES;
				IPHONEOS_DEPLOYMENT_TARGET = 12.1;
				MTL_ENABLE_DEBUG_INFO = NO;
				MTL_FAST_MATH = YES;
				SDKROOT = iphoneos;
				SWIFT_COMPILATION_MODE = wholemodule;
				SWIFT_OPTIMIZATION_LEVEL = "-O";
				VALIDATE_PRODUCT = YES;
			};
			name = Release;
		};
		0E65ACFA221E7E9A00BCE206 /* Debug */ = {
			isa = XCBuildConfiguration;
			buildSettings = {
				ASSETCATALOG_COMPILER_APPICON_NAME = AppIcon;
				CODE_SIGN_STYLE = Automatic;
				DEVELOPMENT_TEAM = VAXXKNC9GL;
				INFOPLIST_FILE = Stretchyheader/Info.plist;
				LD_RUNPATH_SEARCH_PATHS = (
					"$(inherited)",
					"@executable_path/Frameworks",
				);
				PRODUCT_BUNDLE_IDENTIFIER = com.vascomm.Stretchyheader;
				PRODUCT_NAME = "$(TARGET_NAME)";
				SWIFT_VERSION = 4.2;
				TARGETED_DEVICE_FAMILY = "1,2";
			};
			name = Debug;
		};
		0E65ACFB221E7E9A00BCE206 /* Release */ = {
			isa = XCBuildConfiguration;
			buildSettings = {
				ASSETCATALOG_COMPILER_APPICON_NAME = AppIcon;
				CODE_SIGN_STYLE = Automatic;
				DEVELOPMENT_TEAM = VAXXKNC9GL;
				INFOPLIST_FILE = Stretchyheader/Info.plist;
				LD_RUNPATH_SEARCH_PATHS = (
					"$(inherited)",
					"@executable_path/Frameworks",
				);
				PRODUCT_BUNDLE_IDENTIFIER = com.vascomm.Stretchyheader;
				PRODUCT_NAME = "$(TARGET_NAME)";
				SWIFT_VERSION = 4.2;
				TARGETED_DEVICE_FAMILY = "1,2";
			};
			name = Release;
		};
/* End XCBuildConfiguration section */

/* Begin XCConfigurationList section */
		0E65ACE2221E7E9700BCE206 /* Build configuration list for PBXProject "Stretchyheader" */ = {
			isa = XCConfigurationList;
			buildConfigurations = (
				0E65ACF7221E7E9A00BCE206 /* Debug */,
				0E65ACF8221E7E9A00BCE206 /* Release */,
			);
			defaultConfigurationIsVisible = 0;
			defaultConfigurationName = Release;
		};
		0E65ACF9221E7E9A00BCE206 /* Build configuration list for PBXNativeTarget "Stretchyheader" */ = {
			isa = XCConfigurationList;
			buildConfigurations = (
				0E65ACFA221E7E9A00BCE206 /* Debug */,
				0E65ACFB221E7E9A00BCE206 /* Release */,
			);
			defaultConfigurationIsVisible = 0;
			defaultConfigurationName = Release;
		};
/* End XCConfigurationList section */
	};
	rootObject = 0E65ACDF221E7E9700BCE206 /* Project object */;
}
